
Microsoft Visual Studio Solution File, Format Version 12.00
# Visual Studio 15
VisualStudioVersion = 15.0.28307.1169
MinimumVisualStudioVersion = 10.0.40219.1
Project("{FAE04EC0-301F-11D3-BF4B-00C04F79EFBC}") = "Snake", "Snake\Snake.csproj", "{A6F6C0C9-7CE8-494A-8754-EDE620C98C06}"
EndProject
Global
	GlobalSection(SolutionConfigurationPlatforms) = preSolution
		Debug|Any CPU = Debug|Any CPU
		Release|Any CPU = Release|Any CPU
	EndGlobalSection
	GlobalSection(ProjectConfigurationPlatforms) = postSolution
		{A6F6C0C9-7CE8-494A-8754-EDE620C98C06}.Debug|Any CPU.ActiveCfg = Debug|Any CPU
		{A6F6C0C9-7CE8-494A-8754-EDE620C98C06}.Debug|Any CPU.Build.0 = Debug|Any CPU
		{A6F6C0C9-7CE8-494A-8754-EDE620C98C06}.Release|Any CPU.ActiveCfg = Release|Any CPU
		{A6F6C0C9-7CE8-494A-8754-EDE620C98C06}.Release|Any CPU.Build.0 = Release|Any CPU
	EndGlobalSection
	GlobalSection(SolutionProperties) = preSolution
		HideSolutionNode = FALSE
	EndGlobalSection
	GlobalSection(ExtensibilityGlobals) = postSolution
		SolutionGuid = {6B8704D6-E9E2-41AC-8D35-D15DACF311CD}
	EndGlobalSection
EndGlobal
